
Microsoft Visual Studio Solution File, Format Version 12.00
# Visual Studio Version 17
VisualStudioVersion = 17.11.35327.3
MinimumVisualStudioVersion = 10.0.40219.1
Project("{9A19103F-16F7-4668-BE54-9A1E7A4F7556}") = "MobilemedCrud", "MobilemedCrud\MobilemedCrud.csproj", "{E301B374-A7C1-4A3C-90BF-D2FCAA01F73D}"
EndProject
Project("{9A19103F-16F7-4668-BE54-9A1E7A4F7556}") = "MobilemedCrud.Database", "Database\MobilemedCrud.Database.csproj", "{A9089219-410E-4E22-AB6D-F650A822E2D9}"
EndProject
Project("{9A19103F-16F7-4668-BE54-9A1E7A4F7556}") = "MobilemedCrud.Core", "Core\MobilemedCrud.Core.csproj", "{563FCF9F-2689-430B-AE46-DD0C1C15C8DD}"
EndProject
Project("{2150E333-8FDC-42A3-9474-1A3956D46DE8}") = "Modules", "Modules", "{B2660C37-3481-4E6B-BB06-A58E17360DB7}"
EndProject
Project("{9A19103F-16F7-4668-BE54-9A1E7A4F7556}") = "MobilemedCrud.Registry", "Modules\MobilemedCrud.Registry.csproj", "{9271F6BA-3E39-45E4-94B9-696F3B5B4DC2}"
EndProject
Global
	GlobalSection(SolutionConfigurationPlatforms) = preSolution
		Debug|Any CPU = Debug|Any CPU
		Release|Any CPU = Release|Any CPU
	EndGlobalSection
	GlobalSection(ProjectConfigurationPlatforms) = postSolution
		{E301B374-A7C1-4A3C-90BF-D2FCAA01F73D}.Debug|Any CPU.ActiveCfg = Debug|Any CPU
		{E301B374-A7C1-4A3C-90BF-D2FCAA01F73D}.Debug|Any CPU.Build.0 = Debug|Any CPU
		{E301B374-A7C1-4A3C-90BF-D2FCAA01F73D}.Release|Any CPU.ActiveCfg = Release|Any CPU
		{E301B374-A7C1-4A3C-90BF-D2FCAA01F73D}.Release|Any CPU.Build.0 = Release|Any CPU
		{A9089219-410E-4E22-AB6D-F650A822E2D9}.Debug|Any CPU.ActiveCfg = Debug|Any CPU
		{A9089219-410E-4E22-AB6D-F650A822E2D9}.Debug|Any CPU.Build.0 = Debug|Any CPU
		{A9089219-410E-4E22-AB6D-F650A822E2D9}.Release|Any CPU.ActiveCfg = Release|Any CPU
		{A9089219-410E-4E22-AB6D-F650A822E2D9}.Release|Any CPU.Build.0 = Release|Any CPU
		{563FCF9F-2689-430B-AE46-DD0C1C15C8DD}.Debug|Any CPU.ActiveCfg = Debug|Any CPU
		{563FCF9F-2689-430B-AE46-DD0C1C15C8DD}.Debug|Any CPU.Build.0 = Debug|Any CPU
		{563FCF9F-2689-430B-AE46-DD0C1C15C8DD}.Release|Any CPU.ActiveCfg = Release|Any CPU
		{563FCF9F-2689-430B-AE46-DD0C1C15C8DD}.Release|Any CPU.Build.0 = Release|Any CPU
		{9271F6BA-3E39-45E4-94B9-696F3B5B4DC2}.Debug|Any CPU.ActiveCfg = Debug|Any CPU
		{9271F6BA-3E39-45E4-94B9-696F3B5B4DC2}.Debug|Any CPU.Build.0 = Debug|Any CPU
		{9271F6BA-3E39-45E4-94B9-696F3B5B4DC2}.Release|Any CPU.ActiveCfg = Release|Any CPU
		{9271F6BA-3E39-45E4-94B9-696F3B5B4DC2}.Release|Any CPU.Build.0 = Release|Any CPU
	EndGlobalSection
	GlobalSection(SolutionProperties) = preSolution
		HideSolutionNode = FALSE
	EndGlobalSection
	GlobalSection(NestedProjects) = preSolution
		{9271F6BA-3E39-45E4-94B9-696F3B5B4DC2} = {B2660C37-3481-4E6B-BB06-A58E17360DB7}
	EndGlobalSection
	GlobalSection(ExtensibilityGlobals) = postSolution
		SolutionGuid = {28F16B15-CA6D-46CB-B6AE-A58E114283B1}
	EndGlobalSection
EndGlobal
